
Microsoft Visual Studio Solution File, Format Version 12.00
# Visual Studio 2015
Project("{FAE04EC0-301F-11D3-BF4B-00C04F79EFBC}") = "ReliefFinally.CSharp.Plugins", "ReliefFinally.CSharp.Plugins.csproj", "{FB2E2366-8687-B8E5-656C-AA9C9213D78E}"
EndProject
Project("{FAE04EC0-301F-11D3-BF4B-00C04F79EFBC}") = "ReliefFinally.CSharp", "ReliefFinally.CSharp.csproj", "{C2C58408-E762-FAA7-3DEB-A27C64ACD92F}"
EndProject
Project("{FAE04EC0-301F-11D3-BF4B-00C04F79EFBC}") = "ReliefFinally.CSharp.Editor.Plugins", "ReliefFinally.CSharp.Editor.Plugins.csproj", "{BD3FC716-18A6-0841-E326-8A7BD39534F4}"
EndProject
Project("{FAE04EC0-301F-11D3-BF4B-00C04F79EFBC}") = "ReliefFinally.CSharp.Editor", "ReliefFinally.CSharp.Editor.csproj", "{AD590396-C26F-E769-8171-057F2AC6F778}"
EndProject
Global
	GlobalSection(SolutionConfigurationPlatforms) = preSolution
		Debug|Any CPU = Debug|Any CPU
		Release|Any CPU = Release|Any CPU
	EndGlobalSection
	GlobalSection(ProjectConfigurationPlatforms) = postSolution
		{FB2E2366-8687-B8E5-656C-AA9C9213D78E}.Debug|Any CPU.ActiveCfg = Debug|Any CPU
		{FB2E2366-8687-B8E5-656C-AA9C9213D78E}.Debug|Any CPU.Build.0 = Debug|Any CPU
		{FB2E2366-8687-B8E5-656C-AA9C9213D78E}.Release|Any CPU.ActiveCfg = Release|Any CPU
		{FB2E2366-8687-B8E5-656C-AA9C9213D78E}.Release|Any CPU.Build.0 = Release|Any CPU
		{C2C58408-E762-FAA7-3DEB-A27C64ACD92F}.Debug|Any CPU.ActiveCfg = Debug|Any CPU
		{C2C58408-E762-FAA7-3DEB-A27C64ACD92F}.Debug|Any CPU.Build.0 = Debug|Any CPU
		{C2C58408-E762-FAA7-3DEB-A27C64ACD92F}.Release|Any CPU.ActiveCfg = Release|Any CPU
		{C2C58408-E762-FAA7-3DEB-A27C64ACD92F}.Release|Any CPU.Build.0 = Release|Any CPU
		{BD3FC716-18A6-0841-E326-8A7BD39534F4}.Debug|Any CPU.ActiveCfg = Debug|Any CPU
		{BD3FC716-18A6-0841-E326-8A7BD39534F4}.Debug|Any CPU.Build.0 = Debug|Any CPU
		{BD3FC716-18A6-0841-E326-8A7BD39534F4}.Release|Any CPU.ActiveCfg = Release|Any CPU
		{BD3FC716-18A6-0841-E326-8A7BD39534F4}.Release|Any CPU.Build.0 = Release|Any CPU
		{AD590396-C26F-E769-8171-057F2AC6F778}.Debug|Any CPU.ActiveCfg = Debug|Any CPU
		{AD590396-C26F-E769-8171-057F2AC6F778}.Debug|Any CPU.Build.0 = Debug|Any CPU
		{AD590396-C26F-E769-8171-057F2AC6F778}.Release|Any CPU.ActiveCfg = Release|Any CPU
		{AD590396-C26F-E769-8171-057F2AC6F778}.Release|Any CPU.Build.0 = Release|Any CPU
	EndGlobalSection
	GlobalSection(SolutionProperties) = preSolution
		HideSolutionNode = FALSE
	EndGlobalSection
EndGlobal
